// !$*UTF8*$!
{
	archiveVersion = 1;
	classes = {
	};
	objectVersion = 46;
	objects = {

/* Begin PBXBuildFile section */
		819EB7F71DACC30800A4D45C /* AppDelegate.swift in Sources */ = {isa = PBXBuildFile; fileRef = 819EB7F61DACC30800A4D45C /* AppDelegate.swift */; };
		819EB7F91DACC30800A4D45C /* ViewController.swift in Sources */ = {isa = PBXBuildFile; fileRef = 819EB7F81DACC30800A4D45C /* ViewController.swift */; };
		819EB7FC1DACC30800A4D45C /* Main.storyboard in Resources */ = {isa = PBXBuildFile; fileRef = 819EB7FA1DACC30800A4D45C /* Main.storyboard */; };
		819EB7FE1DACC30800A4D45C /* Assets.xcassets in Resources */ = {isa = PBXBuildFile; fileRef = 819EB7FD1DACC30800A4D45C /* Assets.xcassets */; };
		819EB8011DACC30900A4D45C /* LaunchScreen.storyboard in Resources */ = {isa = PBXBuildFile; fileRef = 819EB7FF1DACC30900A4D45C /* LaunchScreen.storyboard */; };
		819EB80C1DACC30900A4D45C /* CalendarAppFetchDEMOTests.swift in Sources */ = {isa = PBXBuildFile; fileRef = 819EB80B1DACC30900A4D45C /* CalendarAppFetchDEMOTests.swift */; };
		819EB8171DACC30900A4D45C /* CalendarAppFetchDEMOUITests.swift in Sources */ = {isa = PBXBuildFile; fileRef = 819EB8161DACC30900A4D45C /* CalendarAppFetchDEMOUITests.swift */; };
		819EB8251DACC34100A4D45C /* NetworkController.swift in Sources */ = {isa = PBXBuildFile; fileRef = 819EB8241DACC34100A4D45C /* NetworkController.swift */; };
/* End PBXBuildFile section */

/* Begin PBXContainerItemProxy section */
		819EB8081DACC30900A4D45C /* PBXContainerItemProxy */ = {
			isa = PBXContainerItemProxy;
			containerPortal = 819EB7EB1DACC30800A4D45C /* Project object */;
			proxyType = 1;
			remoteGlobalIDString = 819EB7F21DACC30800A4D45C;
			remoteInfo = CalendarAppFetchDEMO;
		};
		819EB8131DACC30900A4D45C /* PBXContainerItemProxy */ = {
			isa = PBXContainerItemProxy;
			containerPortal = 819EB7EB1DACC30800A4D45C /* Project object */;
			proxyType = 1;
			remoteGlobalIDString = 819EB7F21DACC30800A4D45C;
			remoteInfo = CalendarAppFetchDEMO;
		};
/* End PBXContainerItemProxy section */

/* Begin PBXFileReference section */
		819EB7F31DACC30800A4D45C /* CalendarAppFetchDEMO.app */ = {isa = PBXFileReference; explicitFileType = wrapper.application; includeInIndex = 0; path = CalendarAppFetchDEMO.app; sourceTree = BUILT_PRODUCTS_DIR; };
		819EB7F61DACC30800A4D45C /* AppDelegate.swift */ = {isa = PBXFileReference; lastKnownFileType = sourcecode.swift; path = AppDelegate.swift; sourceTree = "<group>"; };
		819EB7F81DACC30800A4D45C /* ViewController.swift */ = {isa = PBXFileReference; lastKnownFileType = sourcecode.swift; path = ViewController.swift; sourceTree = "<group>"; };
		819EB7FB1DACC30800A4D45C /* Base */ = {isa = PBXFileReference; lastKnownFileType = file.storyboard; name = Base; path = Base.lproj/Main.storyboard; sourceTree = "<group>"; };
		819EB7FD1DACC30800A4D45C /* Assets.xcassets */ = {isa = PBXFileReference; lastKnownFileType = folder.assetcatalog; path = Assets.xcassets; sourceTree = "<group>"; };
		819EB8001DACC30900A4D45C /* Base */ = {isa = PBXFileReference; lastKnownFileType = file.storyboard; name = Base; path = Base.lproj/LaunchScreen.storyboard; sourceTree = "<group>"; };
		819EB8021DACC30900A4D45C /* Info.plist */ = {isa = PBXFileReference; lastKnownFileType = text.plist.xml; path = Info.plist; sourceTree = "<group>"; };
		819EB8071DACC30900A4D45C /* CalendarAppFetchDEMOTests.xctest */ = {isa = PBXFileReference; explicitFileType = wrapper.cfbundle; includeInIndex = 0; path = CalendarAppFetchDEMOTests.xctest; sourceTree = BUILT_PRODUCTS_DIR; };
		819EB80B1DACC30900A4D45C /* CalendarAppFetchDEMOTests.swift */ = {isa = PBXFileReference; lastKnownFileType = sourcecode.swift; path = CalendarAppFetchDEMOTests.swift; sourceTree = "<group>"; };
		819EB80D1DACC30900A4D45C /* Info.plist */ = {isa = PBXFileReference; lastKnownFileType = text.plist.xml; path = Info.plist; sourceTree = "<group>"; };
		819EB8121DACC30900A4D45C /* CalendarAppFetchDEMOUITests.xctest */ = {isa = PBXFileReference; explicitFileType = wrapper.cfbundle; includeInIndex = 0; path = CalendarAppFetchDEMOUITests.xctest; sourceTree = BUILT_PRODUCTS_DIR; };
		819EB8161DACC30900A4D45C /* CalendarAppFetchDEMOUITests.swift */ = {isa = PBXFileReference; lastKnownFileType = sourcecode.swift; path = CalendarAppFetchDEMOUITests.swift; sourceTree = "<group>"; };
		819EB8181DACC30900A4D45C /* Info.plist */ = {isa = PBXFileReference; lastKnownFileType = text.plist.xml; path = Info.plist; sourceTree = "<group>"; };
		819EB8241DACC34100A4D45C /* NetworkController.swift */ = {isa = PBXFileReference; fileEncoding = 4; lastKnownFileType = sourcecode.swift; path = NetworkController.swift; sourceTree = "<group>"; };
/* End PBXFileReference section */

/* Begin PBXFrameworksBuildPhase section */
		819EB7F01DACC30800A4D45C /* Frameworks */ = {
			isa = PBXFrameworksBuildPhase;
			buildActionMask = 2147483647;
			files = (
			);
			runOnlyForDeploymentPostprocessing = 0;
		};
		819EB8041DACC30900A4D45C /* Frameworks */ = {
			isa = PBXFrameworksBuildPhase;
			buildActionMask = 2147483647;
			files = (
			);
			runOnlyForDeploymentPostprocessing = 0;
		};
		819EB80F1DACC30900A4D45C /* Frameworks */ = {
			isa = PBXFrameworksBuildPhase;
			buildActionMask = 2147483647;
			files = (
			);
			runOnlyForDeploymentPostprocessing = 0;
		};
/* End PBXFrameworksBuildPhase section */

/* Begin PBXGroup section */
		819EB7EA1DACC30800A4D45C = {
			isa = PBXGroup;
			children = (
				819EB7F51DACC30800A4D45C /* CalendarAppFetchDEMO */,
				819EB80A1DACC30900A4D45C /* CalendarAppFetchDEMOTests */,
				819EB8151DACC30900A4D45C /* CalendarAppFetchDEMOUITests */,
				819EB7F41DACC30800A4D45C /* Products */,
			);
			sourceTree = "<group>";
		};
		819EB7F41DACC30800A4D45C /* Products */ = {
			isa = PBXGroup;
			children = (
				819EB7F31DACC30800A4D45C /* CalendarAppFetchDEMO.app */,
				819EB8071DACC30900A4D45C /* CalendarAppFetchDEMOTests.xctest */,
				819EB8121DACC30900A4D45C /* CalendarAppFetchDEMOUITests.xctest */,
			);
			name = Products;
			sourceTree = "<group>";
		};
		819EB7F51DACC30800A4D45C /* CalendarAppFetchDEMO */ = {
			isa = PBXGroup;
			children = (
				819EB7F61DACC30800A4D45C /* AppDelegate.swift */,
				819EB7F81DACC30800A4D45C /* ViewController.swift */,
				819EB8241DACC34100A4D45C /* NetworkController.swift */,
				819EB7FA1DACC30800A4D45C /* Main.storyboard */,
				819EB7FD1DACC30800A4D45C /* Assets.xcassets */,
				819EB7FF1DACC30900A4D45C /* LaunchScreen.storyboard */,
				819EB8021DACC30900A4D45C /* Info.plist */,
			);
			path = CalendarAppFetchDEMO;
			sourceTree = "<group>";
		};
		819EB80A1DACC30900A4D45C /* CalendarAppFetchDEMOTests */ = {
			isa = PBXGroup;
			children = (
				819EB80B1DACC30900A4D45C /* CalendarAppFetchDEMOTests.swift */,
				819EB80D1DACC30900A4D45C /* Info.plist */,
			);
			path = CalendarAppFetchDEMOTests;
			sourceTree = "<group>";
		};
		819EB8151DACC30900A4D45C /* CalendarAppFetchDEMOUITests */ = {
			isa = PBXGroup;
			children = (
				819EB8161DACC30900A4D45C /* CalendarAppFetchDEMOUITests.swift */,
				819EB8181DACC30900A4D45C /* Info.plist */,
			);
			path = CalendarAppFetchDEMOUITests;
			sourceTree = "<group>";
		};
/* End PBXGroup section */

/* Begin PBXNativeTarget section */
		819EB7F21DACC30800A4D45C /* CalendarAppFetchDEMO */ = {
			isa = PBXNativeTarget;
			buildConfigurationList = 819EB81B1DACC30900A4D45C /* Build configuration list for PBXNativeTarget "CalendarAppFetchDEMO" */;
			buildPhases = (
				819EB7EF1DACC30800A4D45C /* Sources */,
				819EB7F01DACC30800A4D45C /* Frameworks */,
				819EB7F11DACC30800A4D45C /* Resources */,
			);
			buildRules = (
			);
			dependencies = (
			);
			name = CalendarAppFetchDEMO;
			productName = CalendarAppFetchDEMO;
			productReference = 819EB7F31DACC30800A4D45C /* CalendarAppFetchDEMO.app */;
			productType = "com.apple.product-type.application";
		};
		819EB8061DACC30900A4D45C /* CalendarAppFetchDEMOTests */ = {
			isa = PBXNativeTarget;
			buildConfigurationList = 819EB81E1DACC30900A4D45C /* Build configuration list for PBXNativeTarget "CalendarAppFetchDEMOTests" */;
			buildPhases = (
				819EB8031DACC30900A4D45C /* Sources */,
				819EB8041DACC30900A4D45C /* Frameworks */,
				819EB8051DACC30900A4D45C /* Resources */,
			);
			buildRules = (
			);
			dependencies = (
				819EB8091DACC30900A4D45C /* PBXTargetDependency */,
			);
			name = CalendarAppFetchDEMOTests;
			productName = CalendarAppFetchDEMOTests;
			productReference = 819EB8071DACC30900A4D45C /* CalendarAppFetchDEMOTests.xctest */;
			productType = "com.apple.product-type.bundle.unit-test";
		};
		819EB8111DACC30900A4D45C /* CalendarAppFetchDEMOUITests */ = {
			isa = PBXNativeTarget;
			buildConfigurationList = 819EB8211DACC30900A4D45C /* Build configuration list for PBXNativeTarget "CalendarAppFetchDEMOUITests" */;
			buildPhases = (
				819EB80E1DACC30900A4D45C /* Sources */,
				819EB80F1DACC30900A4D45C /* Frameworks */,
				819EB8101DACC30900A4D45C /* Resources */,
			);
			buildRules = (
			);
			dependencies = (
				819EB8141DACC30900A4D45C /* PBXTargetDependency */,
			);
			name = CalendarAppFetchDEMOUITests;
			productName = CalendarAppFetchDEMOUITests;
			productReference = 819EB8121DACC30900A4D45C /* CalendarAppFetchDEMOUITests.xctest */;
			productType = "com.apple.product-type.bundle.ui-testing";
		};
/* End PBXNativeTarget section */

/* Begin PBXProject section */
		819EB7EB1DACC30800A4D45C /* Project object */ = {
			isa = PBXProject;
			attributes = {
				LastSwiftUpdateCheck = 0800;
				LastUpgradeCheck = 0800;
				ORGANIZATIONNAME = "Sebastian Fuhrmann";
				TargetAttributes = {
					819EB7F21DACC30800A4D45C = {
						CreatedOnToolsVersion = 8.0;
						ProvisioningStyle = Automatic;
					};
					819EB8061DACC30900A4D45C = {
						CreatedOnToolsVersion = 8.0;
						ProvisioningStyle = Automatic;
						TestTargetID = 819EB7F21DACC30800A4D45C;
					};
					819EB8111DACC30900A4D45C = {
						CreatedOnToolsVersion = 8.0;
						ProvisioningStyle = Automatic;
						TestTargetID = 819EB7F21DACC30800A4D45C;
					};
				};
			};
			buildConfigurationList = 819EB7EE1DACC30800A4D45C /* Build configuration list for PBXProject "CalendarAppFetchDEMO" */;
			compatibilityVersion = "Xcode 3.2";
			developmentRegion = English;
			hasScannedForEncodings = 0;
			knownRegions = (
				en,
				Base,
			);
			mainGroup = 819EB7EA1DACC30800A4D45C;
			productRefGroup = 819EB7F41DACC30800A4D45C /* Products */;
			projectDirPath = "";
			projectRoot = "";
			targets = (
				819EB7F21DACC30800A4D45C /* CalendarAppFetchDEMO */,
				819EB8061DACC30900A4D45C /* CalendarAppFetchDEMOTests */,
				819EB8111DACC30900A4D45C /* CalendarAppFetchDEMOUITests */,
			);
		};
/* End PBXProject section */

/* Begin PBXResourcesBuildPhase section */
		819EB7F11DACC30800A4D45C /* Resources */ = {
			isa = PBXResourcesBuildPhase;
			buildActionMask = 2147483647;
			files = (
				819EB8011DACC30900A4D45C /* LaunchScreen.storyboard in Resources */,
				819EB7FE1DACC30800A4D45C /* Assets.xcassets in Resources */,
				819EB7FC1DACC30800A4D45C /* Main.storyboard in Resources */,
			);
			runOnlyForDeploymentPostprocessing = 0;
		};
		819EB8051DACC30900A4D45C /* Resources */ = {
			isa = PBXResourcesBuildPhase;
			buildActionMask = 2147483647;
			files = (
			);
			runOnlyForDeploymentPostprocessing = 0;
		};
		819EB8101DACC30900A4D45C /* Resources */ = {
			isa = PBXResourcesBuildPhase;
			buildActionMask = 2147483647;
			files = (
			);
			runOnlyForDeploymentPostprocessing = 0;
		};
/* End PBXResourcesBuildPhase section */

/* Begin PBXSourcesBuildPhase section */
		819EB7EF1DACC30800A4D45C /* Sources */ = {
			isa = PBXSourcesBuildPhase;
			buildActionMask = 2147483647;
			files = (
				819EB7F91DACC30800A4D45C /* ViewController.swift in Sources */,
				819EB7F71DACC30800A4D45C /* AppDelegate.swift in Sources */,
				819EB8251DACC34100A4D45C /* NetworkController.swift in Sources */,
			);
			runOnlyForDeploymentPostprocessing = 0;
		};
		819EB8031DACC30900A4D45C /* Sources */ = {
			isa = PBXSourcesBuildPhase;
			buildActionMask = 2147483647;
			files = (
				819EB80C1DACC30900A4D45C /* CalendarAppFetchDEMOTests.swift in Sources */,
			);
			runOnlyForDeploymentPostprocessing = 0;
		};
		819EB80E1DACC30900A4D45C /* Sources */ = {
			isa = PBXSourcesBuildPhase;
			buildActionMask = 2147483647;
			files = (
				819EB8171DACC30900A4D45C /* CalendarAppFetchDEMOUITests.swift in Sources */,
			);
			runOnlyForDeploymentPostprocessing = 0;
		};
/* End PBXSourcesBuildPhase section */

/* Begin PBXTargetDependency section */
		819EB8091DACC30900A4D45C /* PBXTargetDependency */ = {
			isa = PBXTargetDependency;
			target = 819EB7F21DACC30800A4D45C /* CalendarAppFetchDEMO */;
			targetProxy = 819EB8081DACC30900A4D45C /* PBXContainerItemProxy */;
		};
		819EB8141DACC30900A4D45C /* PBXTargetDependency */ = {
			isa = PBXTargetDependency;
			target = 819EB7F21DACC30800A4D45C /* CalendarAppFetchDEMO */;
			targetProxy = 819EB8131DACC30900A4D45C /* PBXContainerItemProxy */;
		};
/* End PBXTargetDependency section */

/* Begin PBXVariantGroup section */
		819EB7FA1DACC30800A4D45C /* Main.storyboard */ = {
			isa = PBXVariantGroup;
			children = (
				819EB7FB1DACC30800A4D45C /* Base */,
			);
			name = Main.storyboard;
			sourceTree = "<group>";
		};
		819EB7FF1DACC30900A4D45C /* LaunchScreen.storyboard */ = {
			isa = PBXVariantGroup;
			children = (
				819EB8001DACC30900A4D45C /* Base */,
			);
			name = LaunchScreen.storyboard;
			sourceTree = "<group>";
		};
/* End PBXVariantGroup section */

/* Begin XCBuildConfiguration section */
		819EB8191DACC30900A4D45C /* Debug */ = {
			isa = XCBuildConfiguration;
			buildSettings = {
				ALWAYS_SEARCH_USER_PATHS = NO;
				CLANG_ANALYZER_NONNULL = YES;
				CLANG_CXX_LANGUAGE_STANDARD = "gnu++0x";
				CLANG_CXX_LIBRARY = "libc++";
				CLANG_ENABLE_MODULES = YES;
				CLANG_ENABLE_OBJC_ARC = YES;
				CLANG_WARN_BOOL_CONVERSION = YES;
				CLANG_WARN_CONSTANT_CONVERSION = YES;
				CLANG_WARN_DIRECT_OBJC_ISA_USAGE = YES_ERROR;
				CLANG_WARN_DOCUMENTATION_COMMENTS = YES;
				CLANG_WARN_EMPTY_BODY = YES;
				CLANG_WARN_ENUM_CONVERSION = YES;
				CLANG_WARN_INFINITE_RECURSION = YES;
				CLANG_WARN_INT_CONVERSION = YES;
				CLANG_WARN_OBJC_ROOT_CLASS = YES_ERROR;
				CLANG_WARN_SUSPICIOUS_MOVES = YES;
				CLANG_WARN_UNREACHABLE_CODE = YES;
				CLANG_WARN__DUPLICATE_METHOD_MATCH = YES;
				"CODE_SIGN_IDENTITY[sdk=iphoneos*]" = "iPhone Developer";
				COPY_PHASE_STRIP = NO;
				DEBUG_INFORMATION_FORMAT = dwarf;
				ENABLE_STRICT_OBJC_MSGSEND = YES;
				ENABLE_TESTABILITY = YES;
				GCC_C_LANGUAGE_STANDARD = gnu99;
				GCC_DYNAMIC_NO_PIC = NO;
				GCC_NO_COMMON_BLOCKS = YES;
				GCC_OPTIMIZATION_LEVEL = 0;
				GCC_PREPROCESSOR_DEFINITIONS = (
					"DEBUG=1",
					"$(inherited)",
				);
				GCC_WARN_64_TO_32_BIT_CONVERSION = YES;
				GCC_WARN_ABOUT_RETURN_TYPE = YES_ERROR;
				GCC_WARN_UNDECLARED_SELECTOR = YES;
				GCC_WARN_UNINITIALIZED_AUTOS = YES_AGGRESSIVE;
				GCC_WARN_UNUSED_FUNCTION = YES;
				GCC_WARN_UNUSED_VARIABLE = YES;
				IPHONEOS_DEPLOYMENT_TARGET = 10.0;
				MTL_ENABLE_DEBUG_INFO = YES;
				ONLY_ACTIVE_ARCH = YES;
				SDKROOT = iphoneos;
				SWIFT_ACTIVE_COMPILATION_CONDITIONS = DEBUG;
				SWIFT_OPTIMIZATION_LEVEL = "-Onone";
				TARGETED_DEVICE_FAMILY = "1,2";
			};
			name = Debug;
		};
		819EB81A1DACC30900A4D45C /* Release */ = {
			isa = XCBuildConfiguration;
			buildSettings = {
				ALWAYS_SEARCH_USER_PATHS = NO;
				CLANG_ANALYZER_NONNULL = YES;
				CLANG_CXX_LANGUAGE_STANDARD = "gnu++0x";
				CLANG_CXX_LIBRARY = "libc++";
				CLANG_ENABLE_MODULES = YES;
				CLANG_ENABLE_OBJC_ARC = YES;
				CLANG_WARN_BOOL_CONVERSION = YES;
				CLANG_WARN_CONSTANT_CONVERSION = YES;
				CLANG_WARN_DIRECT_OBJC_ISA_USAGE = YES_ERROR;
				CLANG_WARN_DOCUMENTATION_COMMENTS = YES;
				CLANG_WARN_EMPTY_BODY = YES;
				CLANG_WARN_ENUM_CONVERSION = YES;
				CLANG_WARN_INFINITE_RECURSION = YES;
				CLANG_WARN_INT_CONVERSION = YES;
				CLANG_WARN_OBJC_ROOT_CLASS = YES_ERROR;
				CLANG_WARN_SUSPICIOUS_MOVES = YES;
				CLANG_WARN_UNREACHABLE_CODE = YES;
				CLANG_WARN__DUPLICATE_METHOD_MATCH = YES;
				"CODE_SIGN_IDENTITY[sdk=iphoneos*]" = "iPhone Developer";
				COPY_PHASE_STRIP = NO;
				DEBUG_INFORMATION_FORMAT = "dwarf-with-dsym";
				ENABLE_NS_ASSERTIONS = NO;
				ENABLE_STRICT_OBJC_MSGSEND = YES;
				GCC_C_LANGUAGE_STANDARD = gnu99;
				GCC_NO_COMMON_BLOCKS = YES;
				GCC_WARN_64_TO_32_BIT_CONVERSION = YES;
				GCC_WARN_ABOUT_RETURN_TYPE = YES_ERROR;
				GCC_WARN_UNDECLARED_SELECTOR = YES;
				GCC_WARN_UNINITIALIZED_AUTOS = YES_AGGRESSIVE;
				GCC_WARN_UNUSED_FUNCTION = YES;
				GCC_WARN_UNUSED_VARIABLE = YES;
				IPHONEOS_DEPLOYMENT_TARGET = 10.0;
				MTL_ENABLE_DEBUG_INFO = NO;
				SDKROOT = iphoneos;
				SWIFT_OPTIMIZATION_LEVEL = "-Owholemodule";
				TARGETED_DEVICE_FAMILY = "1,2";
				VALIDATE_PRODUCT = YES;
			};
			name = Release;
		};
		819EB81C1DACC30900A4D45C /* Debug */ = {
			isa = XCBuildConfiguration;
			buildSettings = {
				ASSETCATALOG_COMPILER_APPICON_NAME = AppIcon;
				INFOPLIST_FILE = CalendarAppFetchDEMO/Info.plist;
				LD_RUNPATH_SEARCH_PATHS = "$(inherited) @executable_path/Frameworks";
				PRODUCT_BUNDLE_IDENTIFIER = sebastian.CalendarAppFetchDEMO;
				PRODUCT_NAME = "$(TARGET_NAME)";
				SWIFT_VERSION = 3.0;
			};
			name = Debug;
		};
		819EB81D1DACC30900A4D45C /* Release */ = {
			isa = XCBuildConfiguration;
			buildSettings = {
				ASSETCATALOG_COMPILER_APPICON_NAME = AppIcon;
				INFOPLIST_FILE = CalendarAppFetchDEMO/Info.plist;
				LD_RUNPATH_SEARCH_PATHS = "$(inherited) @executable_path/Frameworks";
				PRODUCT_BUNDLE_IDENTIFIER = sebastian.CalendarAppFetchDEMO;
				PRODUCT_NAME = "$(TARGET_NAME)";
				SWIFT_VERSION = 3.0;
			};
			name = Release;
		};
		819EB81F1DACC30900A4D45C /* Debug */ = {
			isa = XCBuildConfiguration;
			buildSettings = {
				ALWAYS_EMBED_SWIFT_STANDARD_LIBRARIES = YES;
				BUNDLE_LOADER = "$(TEST_HOST)";
				INFOPLIST_FILE = CalendarAppFetchDEMOTests/Info.plist;
				LD_RUNPATH_SEARCH_PATHS = "$(inherited) @executable_path/Frameworks @loader_path/Frameworks";
				PRODUCT_BUNDLE_IDENTIFIER = sebastian.CalendarAppFetchDEMOTests;
				PRODUCT_NAME = "$(TARGET_NAME)";
				SWIFT_VERSION = 3.0;
				TEST_HOST = "$(BUILT_PRODUCTS_DIR)/CalendarAppFetchDEMO.app/CalendarAppFetchDEMO";
			};
			name = Debug;
		};
		819EB8201DACC30900A4D45C /* Release */ = {
			isa = XCBuildConfiguration;
			buildSettings = {
				ALWAYS_EMBED_SWIFT_STANDARD_LIBRARIES = YES;
				BUNDLE_LOADER = "$(TEST_HOST)";
				INFOPLIST_FILE = CalendarAppFetchDEMOTests/Info.plist;
				LD_RUNPATH_SEARCH_PATHS = "$(inherited) @executable_path/Frameworks @loader_path/Frameworks";
				PRODUCT_BUNDLE_IDENTIFIER = sebastian.CalendarAppFetchDEMOTests;
				PRODUCT_NAME = "$(TARGET_NAME)";
				SWIFT_VERSION = 3.0;
				TEST_HOST = "$(BUILT_PRODUCTS_DIR)/CalendarAppFetchDEMO.app/CalendarAppFetchDEMO";
			};
			name = Release;
		};
		819EB8221DACC30900A4D45C /* Debug */ = {
			isa = XCBuildConfiguration;
			buildSettings = {
				ALWAYS_EMBED_SWIFT_STANDARD_LIBRARIES = YES;
				INFOPLIST_FILE = CalendarAppFetchDEMOUITests/Info.plist;
				LD_RUNPATH_SEARCH_PATHS = "$(inherited) @executable_path/Frameworks @loader_path/Frameworks";
				PRODUCT_BUNDLE_IDENTIFIER = sebastian.CalendarAppFetchDEMOUITests;
				PRODUCT_NAME = "$(TARGET_NAME)";
				SWIFT_VERSION = 3.0;
				TEST_TARGET_NAME = CalendarAppFetchDEMO;
			};
			name = Debug;
		};
		819EB8231DACC30900A4D45C /* Release */ = {
			isa = XCBuildConfiguration;
			buildSettings = {
				ALWAYS_EMBED_SWIFT_STANDARD_LIBRARIES = YES;
				INFOPLIST_FILE = CalendarAppFetchDEMOUITests/Info.plist;
				LD_RUNPATH_SEARCH_PATHS = "$(inherited) @executable_path/Frameworks @loader_path/Frameworks";
				PRODUCT_BUNDLE_IDENTIFIER = sebastian.CalendarAppFetchDEMOUITests;
				PRODUCT_NAME = "$(TARGET_NAME)";
				SWIFT_VERSION = 3.0;
				TEST_TARGET_NAME = CalendarAppFetchDEMO;
			};
			name = Release;
		};
/* End XCBuildConfiguration section */

/* Begin XCConfigurationList section */
		819EB7EE1DACC30800A4D45C /* Build configuration list for PBXProject "CalendarAppFetchDEMO" */ = {
			isa = XCConfigurationList;
			buildConfigurations = (
				819EB8191DACC30900A4D45C /* Debug */,
				819EB81A1DACC30900A4D45C /* Release */,
			);
			defaultConfigurationIsVisible = 0;
			defaultConfigurationName = Release;
		};
		819EB81B1DACC30900A4D45C /* Build configuration list for PBXNativeTarget "CalendarAppFetchDEMO" */ = {
			isa = XCConfigurationList;
			buildConfigurations = (
				819EB81C1DACC30900A4D45C /* Debug */,
				819EB81D1DACC30900A4D45C /* Release */,
			);
			defaultConfigurationIsVisible = 0;
		};
		819EB81E1DACC30900A4D45C /* Build configuration list for PBXNativeTarget "CalendarAppFetchDEMOTests" */ = {
			isa = XCConfigurationList;
			buildConfigurations = (
				819EB81F1DACC30900A4D45C /* Debug */,
				819EB8201DACC30900A4D45C /* Release */,
			);
			defaultConfigurationIsVisible = 0;
		};
		819EB8211DACC30900A4D45C /* Build configuration list for PBXNativeTarget "CalendarAppFetchDEMOUITests" */ = {
			isa = XCConfigurationList;
			buildConfigurations = (
				819EB8221DACC30900A4D45C /* Debug */,
				819EB8231DACC30900A4D45C /* Release */,
			);
			defaultConfigurationIsVisible = 0;
		};
/* End XCConfigurationList section */
	};
	rootObject = 819EB7EB1DACC30800A4D45C /* Project object */;
}
