// !$*UTF8*$!
{
	archiveVersion = 1;
	classes = {
	};
	objectVersion = 46;
	objects = {

/* Begin PBXBuildFile section */
		8161C5681DB603E200CB31DA /* JsonSchedule.swift in Sources */ = {isa = PBXBuildFile; fileRef = 8161C5671DB603E200CB31DA /* JsonSchedule.swift */; };
		8161C56A1DB6042200CB31DA /* Lecture.swift in Sources */ = {isa = PBXBuildFile; fileRef = 8161C5691DB6042200CB31DA /* Lecture.swift */; };
		8161C56C1DB606BC00CB31DA /* Schedule.swift in Sources */ = {isa = PBXBuildFile; fileRef = 8161C56B1DB606BC00CB31DA /* Schedule.swift */; };
		8161C56E1DB617D400CB31DA /* ChangedLecture.swift in Sources */ = {isa = PBXBuildFile; fileRef = 8161C56D1DB617D400CB31DA /* ChangedLecture.swift */; };
		8161C5701DB6198300CB31DA /* Changes.swift in Sources */ = {isa = PBXBuildFile; fileRef = 8161C56F1DB6198300CB31DA /* Changes.swift */; };
		8161C5721DB619D800CB31DA /* JsonChanges.swift in Sources */ = {isa = PBXBuildFile; fileRef = 8161C5711DB619D800CB31DA /* JsonChanges.swift */; };
		818A878B1DB5F554001E7E63 /* JsonParser.swift in Sources */ = {isa = PBXBuildFile; fileRef = 818A878A1DB5F554001E7E63 /* JsonParser.swift */; };
		818A878D1DB5F869001E7E63 /* JsonCourses.swift in Sources */ = {isa = PBXBuildFile; fileRef = 818A878C1DB5F869001E7E63 /* JsonCourses.swift */; };
		81F4B10E1DAEA17A00329108 /* AppDelegate.swift in Sources */ = {isa = PBXBuildFile; fileRef = 81F4B10D1DAEA17A00329108 /* AppDelegate.swift */; };
		81F4B1101DAEA17A00329108 /* ViewController.swift in Sources */ = {isa = PBXBuildFile; fileRef = 81F4B10F1DAEA17A00329108 /* ViewController.swift */; };
		81F4B1131DAEA17A00329108 /* Main.storyboard in Resources */ = {isa = PBXBuildFile; fileRef = 81F4B1111DAEA17A00329108 /* Main.storyboard */; };
		81F4B1151DAEA17A00329108 /* Assets.xcassets in Resources */ = {isa = PBXBuildFile; fileRef = 81F4B1141DAEA17A00329108 /* Assets.xcassets */; };
		81F4B1181DAEA17A00329108 /* LaunchScreen.storyboard in Resources */ = {isa = PBXBuildFile; fileRef = 81F4B1161DAEA17A00329108 /* LaunchScreen.storyboard */; };
		81F4B1231DAEA17A00329108 /* CalendarDemoTests.swift in Sources */ = {isa = PBXBuildFile; fileRef = 81F4B1221DAEA17A00329108 /* CalendarDemoTests.swift */; };
		81F4B12E1DAEA17A00329108 /* CalendarDemoUITests.swift in Sources */ = {isa = PBXBuildFile; fileRef = 81F4B12D1DAEA17A00329108 /* CalendarDemoUITests.swift */; };
		81F4B13C1DAEA1C900329108 /* NetworkController.swift in Sources */ = {isa = PBXBuildFile; fileRef = 81F4B13B1DAEA1C900329108 /* NetworkController.swift */; };
		81F4B13E1DAEAADA00329108 /* Course.swift in Sources */ = {isa = PBXBuildFile; fileRef = 81F4B13D1DAEAADA00329108 /* Course.swift */; };
		81F4B1401DAEB1B400329108 /* Courses.swift in Sources */ = {isa = PBXBuildFile; fileRef = 81F4B13F1DAEB1B400329108 /* Courses.swift */; };
/* End PBXBuildFile section */

/* Begin PBXContainerItemProxy section */
		81F4B11F1DAEA17A00329108 /* PBXContainerItemProxy */ = {
			isa = PBXContainerItemProxy;
			containerPortal = 81F4B1021DAEA17A00329108 /* Project object */;
			proxyType = 1;
			remoteGlobalIDString = 81F4B1091DAEA17A00329108;
			remoteInfo = CalendarDemo;
		};
		81F4B12A1DAEA17A00329108 /* PBXContainerItemProxy */ = {
			isa = PBXContainerItemProxy;
			containerPortal = 81F4B1021DAEA17A00329108 /* Project object */;
			proxyType = 1;
			remoteGlobalIDString = 81F4B1091DAEA17A00329108;
			remoteInfo = CalendarDemo;
		};
/* End PBXContainerItemProxy section */

/* Begin PBXFileReference section */
		8161C5671DB603E200CB31DA /* JsonSchedule.swift */ = {isa = PBXFileReference; fileEncoding = 4; lastKnownFileType = sourcecode.swift; path = JsonSchedule.swift; sourceTree = "<group>"; };
		8161C5691DB6042200CB31DA /* Lecture.swift */ = {isa = PBXFileReference; fileEncoding = 4; lastKnownFileType = sourcecode.swift; path = Lecture.swift; sourceTree = "<group>"; };
		8161C56B1DB606BC00CB31DA /* Schedule.swift */ = {isa = PBXFileReference; fileEncoding = 4; lastKnownFileType = sourcecode.swift; path = Schedule.swift; sourceTree = "<group>"; };
		8161C56D1DB617D400CB31DA /* ChangedLecture.swift */ = {isa = PBXFileReference; fileEncoding = 4; lastKnownFileType = sourcecode.swift; path = ChangedLecture.swift; sourceTree = "<group>"; };
		8161C56F1DB6198300CB31DA /* Changes.swift */ = {isa = PBXFileReference; fileEncoding = 4; lastKnownFileType = sourcecode.swift; path = Changes.swift; sourceTree = "<group>"; };
		8161C5711DB619D800CB31DA /* JsonChanges.swift */ = {isa = PBXFileReference; fileEncoding = 4; lastKnownFileType = sourcecode.swift; path = JsonChanges.swift; sourceTree = "<group>"; };
		818A878A1DB5F554001E7E63 /* JsonParser.swift */ = {isa = PBXFileReference; fileEncoding = 4; lastKnownFileType = sourcecode.swift; path = JsonParser.swift; sourceTree = "<group>"; };
		818A878C1DB5F869001E7E63 /* JsonCourses.swift */ = {isa = PBXFileReference; fileEncoding = 4; lastKnownFileType = sourcecode.swift; name = JsonCourses.swift; path = ../../SechQueryComposer/SechQueryComposer/JsonCourses.swift; sourceTree = "<group>"; };
		81F4B10A1DAEA17A00329108 /* CalendarDemo.app */ = {isa = PBXFileReference; explicitFileType = wrapper.application; includeInIndex = 0; path = CalendarDemo.app; sourceTree = BUILT_PRODUCTS_DIR; };
		81F4B10D1DAEA17A00329108 /* AppDelegate.swift */ = {isa = PBXFileReference; lastKnownFileType = sourcecode.swift; path = AppDelegate.swift; sourceTree = "<group>"; };
		81F4B10F1DAEA17A00329108 /* ViewController.swift */ = {isa = PBXFileReference; lastKnownFileType = sourcecode.swift; path = ViewController.swift; sourceTree = "<group>"; };
		81F4B1121DAEA17A00329108 /* Base */ = {isa = PBXFileReference; lastKnownFileType = file.storyboard; name = Base; path = Base.lproj/Main.storyboard; sourceTree = "<group>"; };
		81F4B1141DAEA17A00329108 /* Assets.xcassets */ = {isa = PBXFileReference; lastKnownFileType = folder.assetcatalog; path = Assets.xcassets; sourceTree = "<group>"; };
		81F4B1171DAEA17A00329108 /* Base */ = {isa = PBXFileReference; lastKnownFileType = file.storyboard; name = Base; path = Base.lproj/LaunchScreen.storyboard; sourceTree = "<group>"; };
		81F4B1191DAEA17A00329108 /* Info.plist */ = {isa = PBXFileReference; lastKnownFileType = text.plist.xml; path = Info.plist; sourceTree = "<group>"; };
		81F4B11E1DAEA17A00329108 /* CalendarDemoTests.xctest */ = {isa = PBXFileReference; explicitFileType = wrapper.cfbundle; includeInIndex = 0; path = CalendarDemoTests.xctest; sourceTree = BUILT_PRODUCTS_DIR; };
		81F4B1221DAEA17A00329108 /* CalendarDemoTests.swift */ = {isa = PBXFileReference; lastKnownFileType = sourcecode.swift; path = CalendarDemoTests.swift; sourceTree = "<group>"; };
		81F4B1241DAEA17A00329108 /* Info.plist */ = {isa = PBXFileReference; lastKnownFileType = text.plist.xml; path = Info.plist; sourceTree = "<group>"; };
		81F4B1291DAEA17A00329108 /* CalendarDemoUITests.xctest */ = {isa = PBXFileReference; explicitFileType = wrapper.cfbundle; includeInIndex = 0; path = CalendarDemoUITests.xctest; sourceTree = BUILT_PRODUCTS_DIR; };
		81F4B12D1DAEA17A00329108 /* CalendarDemoUITests.swift */ = {isa = PBXFileReference; lastKnownFileType = sourcecode.swift; path = CalendarDemoUITests.swift; sourceTree = "<group>"; };
		81F4B12F1DAEA17A00329108 /* Info.plist */ = {isa = PBXFileReference; lastKnownFileType = text.plist.xml; path = Info.plist; sourceTree = "<group>"; };
		81F4B13B1DAEA1C900329108 /* NetworkController.swift */ = {isa = PBXFileReference; fileEncoding = 4; lastKnownFileType = sourcecode.swift; path = NetworkController.swift; sourceTree = "<group>"; };
		81F4B13D1DAEAADA00329108 /* Course.swift */ = {isa = PBXFileReference; fileEncoding = 4; lastKnownFileType = sourcecode.swift; path = Course.swift; sourceTree = "<group>"; };
		81F4B13F1DAEB1B400329108 /* Courses.swift */ = {isa = PBXFileReference; fileEncoding = 4; lastKnownFileType = sourcecode.swift; path = Courses.swift; sourceTree = "<group>"; };
/* End PBXFileReference section */

/* Begin PBXFrameworksBuildPhase section */
		81F4B1071DAEA17A00329108 /* Frameworks */ = {
			isa = PBXFrameworksBuildPhase;
			buildActionMask = 2147483647;
			files = (
			);
			runOnlyForDeploymentPostprocessing = 0;
		};
		81F4B11B1DAEA17A00329108 /* Frameworks */ = {
			isa = PBXFrameworksBuildPhase;
			buildActionMask = 2147483647;
			files = (
			);
			runOnlyForDeploymentPostprocessing = 0;
		};
		81F4B1261DAEA17A00329108 /* Frameworks */ = {
			isa = PBXFrameworksBuildPhase;
			buildActionMask = 2147483647;
			files = (
			);
			runOnlyForDeploymentPostprocessing = 0;
		};
/* End PBXFrameworksBuildPhase section */

/* Begin PBXGroup section */
		8161C5741DB61E6300CB31DA /* Json */ = {
			isa = PBXGroup;
			children = (
				818A878A1DB5F554001E7E63 /* JsonParser.swift */,
				818A878C1DB5F869001E7E63 /* JsonCourses.swift */,
				8161C5671DB603E200CB31DA /* JsonSchedule.swift */,
				8161C5711DB619D800CB31DA /* JsonChanges.swift */,
			);
			name = Json;
			sourceTree = "<group>";
		};
		8161C5751DB61E8900CB31DA /* Model */ = {
			isa = PBXGroup;
			children = (
				81F4B13D1DAEAADA00329108 /* Course.swift */,
				81F4B13F1DAEB1B400329108 /* Courses.swift */,
				8161C5741DB61E6300CB31DA /* Json */,
				8161C5691DB6042200CB31DA /* Lecture.swift */,
				8161C56B1DB606BC00CB31DA /* Schedule.swift */,
				8161C56D1DB617D400CB31DA /* ChangedLecture.swift */,
				8161C56F1DB6198300CB31DA /* Changes.swift */,
			);
			name = Model;
			sourceTree = "<group>";
		};
		8161C5761DB61EBE00CB31DA /* Controller */ = {
			isa = PBXGroup;
			children = (
				81F4B13B1DAEA1C900329108 /* NetworkController.swift */,
			);
			name = Controller;
			sourceTree = "<group>";
		};
		81F4B1011DAEA17A00329108 = {
			isa = PBXGroup;
			children = (
				81F4B10C1DAEA17A00329108 /* CalendarDemo */,
				81F4B1211DAEA17A00329108 /* CalendarDemoTests */,
				81F4B12C1DAEA17A00329108 /* CalendarDemoUITests */,
				81F4B10B1DAEA17A00329108 /* Products */,
			);
			sourceTree = "<group>";
		};
		81F4B10B1DAEA17A00329108 /* Products */ = {
			isa = PBXGroup;
			children = (
				81F4B10A1DAEA17A00329108 /* CalendarDemo.app */,
				81F4B11E1DAEA17A00329108 /* CalendarDemoTests.xctest */,
				81F4B1291DAEA17A00329108 /* CalendarDemoUITests.xctest */,
			);
			name = Products;
			sourceTree = "<group>";
		};
		81F4B10C1DAEA17A00329108 /* CalendarDemo */ = {
			isa = PBXGroup;
			children = (
				81F4B10D1DAEA17A00329108 /* AppDelegate.swift */,
				81F4B10F1DAEA17A00329108 /* ViewController.swift */,
				8161C5751DB61E8900CB31DA /* Model */,
				8161C5761DB61EBE00CB31DA /* Controller */,
				81F4B1111DAEA17A00329108 /* Main.storyboard */,
				81F4B1141DAEA17A00329108 /* Assets.xcassets */,
				81F4B1161DAEA17A00329108 /* LaunchScreen.storyboard */,
				81F4B1191DAEA17A00329108 /* Info.plist */,
			);
			path = CalendarDemo;
			sourceTree = "<group>";
		};
		81F4B1211DAEA17A00329108 /* CalendarDemoTests */ = {
			isa = PBXGroup;
			children = (
				81F4B1221DAEA17A00329108 /* CalendarDemoTests.swift */,
				81F4B1241DAEA17A00329108 /* Info.plist */,
			);
			path = CalendarDemoTests;
			sourceTree = "<group>";
		};
		81F4B12C1DAEA17A00329108 /* CalendarDemoUITests */ = {
			isa = PBXGroup;
			children = (
				81F4B12D1DAEA17A00329108 /* CalendarDemoUITests.swift */,
				81F4B12F1DAEA17A00329108 /* Info.plist */,
			);
			path = CalendarDemoUITests;
			sourceTree = "<group>";
		};
/* End PBXGroup section */

/* Begin PBXNativeTarget section */
		81F4B1091DAEA17A00329108 /* CalendarDemo */ = {
			isa = PBXNativeTarget;
			buildConfigurationList = 81F4B1321DAEA17A00329108 /* Build configuration list for PBXNativeTarget "CalendarDemo" */;
			buildPhases = (
				81F4B1061DAEA17A00329108 /* Sources */,
				81F4B1071DAEA17A00329108 /* Frameworks */,
				81F4B1081DAEA17A00329108 /* Resources */,
			);
			buildRules = (
			);
			dependencies = (
			);
			name = CalendarDemo;
			productName = CalendarDemo;
			productReference = 81F4B10A1DAEA17A00329108 /* CalendarDemo.app */;
			productType = "com.apple.product-type.application";
		};
		81F4B11D1DAEA17A00329108 /* CalendarDemoTests */ = {
			isa = PBXNativeTarget;
			buildConfigurationList = 81F4B1351DAEA17A00329108 /* Build configuration list for PBXNativeTarget "CalendarDemoTests" */;
			buildPhases = (
				81F4B11A1DAEA17A00329108 /* Sources */,
				81F4B11B1DAEA17A00329108 /* Frameworks */,
				81F4B11C1DAEA17A00329108 /* Resources */,
			);
			buildRules = (
			);
			dependencies = (
				81F4B1201DAEA17A00329108 /* PBXTargetDependency */,
			);
			name = CalendarDemoTests;
			productName = CalendarDemoTests;
			productReference = 81F4B11E1DAEA17A00329108 /* CalendarDemoTests.xctest */;
			productType = "com.apple.product-type.bundle.unit-test";
		};
		81F4B1281DAEA17A00329108 /* CalendarDemoUITests */ = {
			isa = PBXNativeTarget;
			buildConfigurationList = 81F4B1381DAEA17A00329108 /* Build configuration list for PBXNativeTarget "CalendarDemoUITests" */;
			buildPhases = (
				81F4B1251DAEA17A00329108 /* Sources */,
				81F4B1261DAEA17A00329108 /* Frameworks */,
				81F4B1271DAEA17A00329108 /* Resources */,
			);
			buildRules = (
			);
			dependencies = (
				81F4B12B1DAEA17A00329108 /* PBXTargetDependency */,
			);
			name = CalendarDemoUITests;
			productName = CalendarDemoUITests;
			productReference = 81F4B1291DAEA17A00329108 /* CalendarDemoUITests.xctest */;
			productType = "com.apple.product-type.bundle.ui-testing";
		};
/* End PBXNativeTarget section */

/* Begin PBXProject section */
		81F4B1021DAEA17A00329108 /* Project object */ = {
			isa = PBXProject;
			attributes = {
				LastSwiftUpdateCheck = 0800;
				LastUpgradeCheck = 0800;
				ORGANIZATIONNAME = "Sebastian Fuhrmann";
				TargetAttributes = {
					81F4B1091DAEA17A00329108 = {
						CreatedOnToolsVersion = 8.0;
						DevelopmentTeam = BNF8Q46G5N;
						ProvisioningStyle = Automatic;
					};
					81F4B11D1DAEA17A00329108 = {
						CreatedOnToolsVersion = 8.0;
						DevelopmentTeam = BNF8Q46G5N;
						ProvisioningStyle = Automatic;
						TestTargetID = 81F4B1091DAEA17A00329108;
					};
					81F4B1281DAEA17A00329108 = {
						CreatedOnToolsVersion = 8.0;
						DevelopmentTeam = BNF8Q46G5N;
						ProvisioningStyle = Automatic;
						TestTargetID = 81F4B1091DAEA17A00329108;
					};
				};
			};
			buildConfigurationList = 81F4B1051DAEA17A00329108 /* Build configuration list for PBXProject "CalendarDemo" */;
			compatibilityVersion = "Xcode 3.2";
			developmentRegion = English;
			hasScannedForEncodings = 0;
			knownRegions = (
				en,
				Base,
			);
			mainGroup = 81F4B1011DAEA17A00329108;
			productRefGroup = 81F4B10B1DAEA17A00329108 /* Products */;
			projectDirPath = "";
			projectRoot = "";
			targets = (
				81F4B1091DAEA17A00329108 /* CalendarDemo */,
				81F4B11D1DAEA17A00329108 /* CalendarDemoTests */,
				81F4B1281DAEA17A00329108 /* CalendarDemoUITests */,
			);
		};
/* End PBXProject section */

/* Begin PBXResourcesBuildPhase section */
		81F4B1081DAEA17A00329108 /* Resources */ = {
			isa = PBXResourcesBuildPhase;
			buildActionMask = 2147483647;
			files = (
				81F4B1181DAEA17A00329108 /* LaunchScreen.storyboard in Resources */,
				81F4B1151DAEA17A00329108 /* Assets.xcassets in Resources */,
				81F4B1131DAEA17A00329108 /* Main.storyboard in Resources */,
			);
			runOnlyForDeploymentPostprocessing = 0;
		};
		81F4B11C1DAEA17A00329108 /* Resources */ = {
			isa = PBXResourcesBuildPhase;
			buildActionMask = 2147483647;
			files = (
			);
			runOnlyForDeploymentPostprocessing = 0;
		};
		81F4B1271DAEA17A00329108 /* Resources */ = {
			isa = PBXResourcesBuildPhase;
			buildActionMask = 2147483647;
			files = (
			);
			runOnlyForDeploymentPostprocessing = 0;
		};
/* End PBXResourcesBuildPhase section */

/* Begin PBXSourcesBuildPhase section */
		81F4B1061DAEA17A00329108 /* Sources */ = {
			isa = PBXSourcesBuildPhase;
			buildActionMask = 2147483647;
			files = (
				8161C5721DB619D800CB31DA /* JsonChanges.swift in Sources */,
				8161C56E1DB617D400CB31DA /* ChangedLecture.swift in Sources */,
				8161C56A1DB6042200CB31DA /* Lecture.swift in Sources */,
				81F4B1401DAEB1B400329108 /* Courses.swift in Sources */,
				818A878D1DB5F869001E7E63 /* JsonCourses.swift in Sources */,
				81F4B13E1DAEAADA00329108 /* Course.swift in Sources */,
				8161C5701DB6198300CB31DA /* Changes.swift in Sources */,
				818A878B1DB5F554001E7E63 /* JsonParser.swift in Sources */,
				8161C5681DB603E200CB31DA /* JsonSchedule.swift in Sources */,
				81F4B1101DAEA17A00329108 /* ViewController.swift in Sources */,
				81F4B10E1DAEA17A00329108 /* AppDelegate.swift in Sources */,
				8161C56C1DB606BC00CB31DA /* Schedule.swift in Sources */,
				81F4B13C1DAEA1C900329108 /* NetworkController.swift in Sources */,
			);
			runOnlyForDeploymentPostprocessing = 0;
		};
		81F4B11A1DAEA17A00329108 /* Sources */ = {
			isa = PBXSourcesBuildPhase;
			buildActionMask = 2147483647;
			files = (
				81F4B1231DAEA17A00329108 /* CalendarDemoTests.swift in Sources */,
			);
			runOnlyForDeploymentPostprocessing = 0;
		};
		81F4B1251DAEA17A00329108 /* Sources */ = {
			isa = PBXSourcesBuildPhase;
			buildActionMask = 2147483647;
			files = (
				81F4B12E1DAEA17A00329108 /* CalendarDemoUITests.swift in Sources */,
			);
			runOnlyForDeploymentPostprocessing = 0;
		};
/* End PBXSourcesBuildPhase section */

/* Begin PBXTargetDependency section */
		81F4B1201DAEA17A00329108 /* PBXTargetDependency */ = {
			isa = PBXTargetDependency;
			target = 81F4B1091DAEA17A00329108 /* CalendarDemo */;
			targetProxy = 81F4B11F1DAEA17A00329108 /* PBXContainerItemProxy */;
		};
		81F4B12B1DAEA17A00329108 /* PBXTargetDependency */ = {
			isa = PBXTargetDependency;
			target = 81F4B1091DAEA17A00329108 /* CalendarDemo */;
			targetProxy = 81F4B12A1DAEA17A00329108 /* PBXContainerItemProxy */;
		};
/* End PBXTargetDependency section */

/* Begin PBXVariantGroup section */
		81F4B1111DAEA17A00329108 /* Main.storyboard */ = {
			isa = PBXVariantGroup;
			children = (
				81F4B1121DAEA17A00329108 /* Base */,
			);
			name = Main.storyboard;
			sourceTree = "<group>";
		};
		81F4B1161DAEA17A00329108 /* LaunchScreen.storyboard */ = {
			isa = PBXVariantGroup;
			children = (
				81F4B1171DAEA17A00329108 /* Base */,
			);
			name = LaunchScreen.storyboard;
			sourceTree = "<group>";
		};
/* End PBXVariantGroup section */

/* Begin XCBuildConfiguration section */
		81F4B1301DAEA17A00329108 /* Debug */ = {
			isa = XCBuildConfiguration;
			buildSettings = {
				ALWAYS_SEARCH_USER_PATHS = NO;
				CLANG_ANALYZER_NONNULL = YES;
				CLANG_CXX_LANGUAGE_STANDARD = "gnu++0x";
				CLANG_CXX_LIBRARY = "libc++";
				CLANG_ENABLE_MODULES = YES;
				CLANG_ENABLE_OBJC_ARC = YES;
				CLANG_WARN_BOOL_CONVERSION = YES;
				CLANG_WARN_CONSTANT_CONVERSION = YES;
				CLANG_WARN_DIRECT_OBJC_ISA_USAGE = YES_ERROR;
				CLANG_WARN_DOCUMENTATION_COMMENTS = YES;
				CLANG_WARN_EMPTY_BODY = YES;
				CLANG_WARN_ENUM_CONVERSION = YES;
				CLANG_WARN_INFINITE_RECURSION = YES;
				CLANG_WARN_INT_CONVERSION = YES;
				CLANG_WARN_OBJC_ROOT_CLASS = YES_ERROR;
				CLANG_WARN_SUSPICIOUS_MOVES = YES;
				CLANG_WARN_UNREACHABLE_CODE = YES;
				CLANG_WARN__DUPLICATE_METHOD_MATCH = YES;
				"CODE_SIGN_IDENTITY[sdk=iphoneos*]" = "iPhone Developer";
				COPY_PHASE_STRIP = NO;
				DEBUG_INFORMATION_FORMAT = dwarf;
				ENABLE_STRICT_OBJC_MSGSEND = YES;
				ENABLE_TESTABILITY = YES;
				GCC_C_LANGUAGE_STANDARD = gnu99;
				GCC_DYNAMIC_NO_PIC = NO;
				GCC_NO_COMMON_BLOCKS = YES;
				GCC_OPTIMIZATION_LEVEL = 0;
				GCC_PREPROCESSOR_DEFINITIONS = (
					"DEBUG=1",
					"$(inherited)",
				);
				GCC_WARN_64_TO_32_BIT_CONVERSION = YES;
				GCC_WARN_ABOUT_RETURN_TYPE = YES_ERROR;
				GCC_WARN_UNDECLARED_SELECTOR = YES;
				GCC_WARN_UNINITIALIZED_AUTOS = YES_AGGRESSIVE;
				GCC_WARN_UNUSED_FUNCTION = YES;
				GCC_WARN_UNUSED_VARIABLE = YES;
				IPHONEOS_DEPLOYMENT_TARGET = 10.0;
				MTL_ENABLE_DEBUG_INFO = YES;
				ONLY_ACTIVE_ARCH = YES;
				SDKROOT = iphoneos;
				SWIFT_ACTIVE_COMPILATION_CONDITIONS = DEBUG;
				SWIFT_OPTIMIZATION_LEVEL = "-Onone";
				TARGETED_DEVICE_FAMILY = "1,2";
			};
			name = Debug;
		};
		81F4B1311DAEA17A00329108 /* Release */ = {
			isa = XCBuildConfiguration;
			buildSettings = {
				ALWAYS_SEARCH_USER_PATHS = NO;
				CLANG_ANALYZER_NONNULL = YES;
				CLANG_CXX_LANGUAGE_STANDARD = "gnu++0x";
				CLANG_CXX_LIBRARY = "libc++";
				CLANG_ENABLE_MODULES = YES;
				CLANG_ENABLE_OBJC_ARC = YES;
				CLANG_WARN_BOOL_CONVERSION = YES;
				CLANG_WARN_CONSTANT_CONVERSION = YES;
				CLANG_WARN_DIRECT_OBJC_ISA_USAGE = YES_ERROR;
				CLANG_WARN_DOCUMENTATION_COMMENTS = YES;
				CLANG_WARN_EMPTY_BODY = YES;
				CLANG_WARN_ENUM_CONVERSION = YES;
				CLANG_WARN_INFINITE_RECURSION = YES;
				CLANG_WARN_INT_CONVERSION = YES;
				CLANG_WARN_OBJC_ROOT_CLASS = YES_ERROR;
				CLANG_WARN_SUSPICIOUS_MOVES = YES;
				CLANG_WARN_UNREACHABLE_CODE = YES;
				CLANG_WARN__DUPLICATE_METHOD_MATCH = YES;
				"CODE_SIGN_IDENTITY[sdk=iphoneos*]" = "iPhone Developer";
				COPY_PHASE_STRIP = NO;
				DEBUG_INFORMATION_FORMAT = "dwarf-with-dsym";
				ENABLE_NS_ASSERTIONS = NO;
				ENABLE_STRICT_OBJC_MSGSEND = YES;
				GCC_C_LANGUAGE_STANDARD = gnu99;
				GCC_NO_COMMON_BLOCKS = YES;
				GCC_WARN_64_TO_32_BIT_CONVERSION = YES;
				GCC_WARN_ABOUT_RETURN_TYPE = YES_ERROR;
				GCC_WARN_UNDECLARED_SELECTOR = YES;
				GCC_WARN_UNINITIALIZED_AUTOS = YES_AGGRESSIVE;
				GCC_WARN_UNUSED_FUNCTION = YES;
				GCC_WARN_UNUSED_VARIABLE = YES;
				IPHONEOS_DEPLOYMENT_TARGET = 10.0;
				MTL_ENABLE_DEBUG_INFO = NO;
				SDKROOT = iphoneos;
				SWIFT_OPTIMIZATION_LEVEL = "-Owholemodule";
				TARGETED_DEVICE_FAMILY = "1,2";
				VALIDATE_PRODUCT = YES;
			};
			name = Release;
		};
		81F4B1331DAEA17A00329108 /* Debug */ = {
			isa = XCBuildConfiguration;
			buildSettings = {
				ASSETCATALOG_COMPILER_APPICON_NAME = AppIcon;
				DEVELOPMENT_TEAM = BNF8Q46G5N;
				INFOPLIST_FILE = CalendarDemo/Info.plist;
				LD_RUNPATH_SEARCH_PATHS = "$(inherited) @executable_path/Frameworks";
				PRODUCT_BUNDLE_IDENTIFIER = sebastian.CalendarDemo;
				PRODUCT_NAME = "$(TARGET_NAME)";
				SWIFT_VERSION = 3.0;
			};
			name = Debug;
		};
		81F4B1341DAEA17A00329108 /* Release */ = {
			isa = XCBuildConfiguration;
			buildSettings = {
				ASSETCATALOG_COMPILER_APPICON_NAME = AppIcon;
				DEVELOPMENT_TEAM = BNF8Q46G5N;
				INFOPLIST_FILE = CalendarDemo/Info.plist;
				LD_RUNPATH_SEARCH_PATHS = "$(inherited) @executable_path/Frameworks";
				PRODUCT_BUNDLE_IDENTIFIER = sebastian.CalendarDemo;
				PRODUCT_NAME = "$(TARGET_NAME)";
				SWIFT_VERSION = 3.0;
			};
			name = Release;
		};
		81F4B1361DAEA17A00329108 /* Debug */ = {
			isa = XCBuildConfiguration;
			buildSettings = {
				ALWAYS_EMBED_SWIFT_STANDARD_LIBRARIES = YES;
				BUNDLE_LOADER = "$(TEST_HOST)";
				DEVELOPMENT_TEAM = BNF8Q46G5N;
				INFOPLIST_FILE = CalendarDemoTests/Info.plist;
				LD_RUNPATH_SEARCH_PATHS = "$(inherited) @executable_path/Frameworks @loader_path/Frameworks";
				PRODUCT_BUNDLE_IDENTIFIER = sebastian.CalendarDemoTests;
				PRODUCT_NAME = "$(TARGET_NAME)";
				SWIFT_VERSION = 3.0;
				TEST_HOST = "$(BUILT_PRODUCTS_DIR)/CalendarDemo.app/CalendarDemo";
			};
			name = Debug;
		};
		81F4B1371DAEA17A00329108 /* Release */ = {
			isa = XCBuildConfiguration;
			buildSettings = {
				ALWAYS_EMBED_SWIFT_STANDARD_LIBRARIES = YES;
				BUNDLE_LOADER = "$(TEST_HOST)";
				DEVELOPMENT_TEAM = BNF8Q46G5N;
				INFOPLIST_FILE = CalendarDemoTests/Info.plist;
				LD_RUNPATH_SEARCH_PATHS = "$(inherited) @executable_path/Frameworks @loader_path/Frameworks";
				PRODUCT_BUNDLE_IDENTIFIER = sebastian.CalendarDemoTests;
				PRODUCT_NAME = "$(TARGET_NAME)";
				SWIFT_VERSION = 3.0;
				TEST_HOST = "$(BUILT_PRODUCTS_DIR)/CalendarDemo.app/CalendarDemo";
			};
			name = Release;
		};
		81F4B1391DAEA17A00329108 /* Debug */ = {
			isa = XCBuildConfiguration;
			buildSettings = {
				ALWAYS_EMBED_SWIFT_STANDARD_LIBRARIES = YES;
				DEVELOPMENT_TEAM = BNF8Q46G5N;
				INFOPLIST_FILE = CalendarDemoUITests/Info.plist;
				LD_RUNPATH_SEARCH_PATHS = "$(inherited) @executable_path/Frameworks @loader_path/Frameworks";
				PRODUCT_BUNDLE_IDENTIFIER = sebastian.CalendarDemoUITests;
				PRODUCT_NAME = "$(TARGET_NAME)";
				SWIFT_VERSION = 3.0;
				TEST_TARGET_NAME = CalendarDemo;
			};
			name = Debug;
		};
		81F4B13A1DAEA17A00329108 /* Release */ = {
			isa = XCBuildConfiguration;
			buildSettings = {
				ALWAYS_EMBED_SWIFT_STANDARD_LIBRARIES = YES;
				DEVELOPMENT_TEAM = BNF8Q46G5N;
				INFOPLIST_FILE = CalendarDemoUITests/Info.plist;
				LD_RUNPATH_SEARCH_PATHS = "$(inherited) @executable_path/Frameworks @loader_path/Frameworks";
				PRODUCT_BUNDLE_IDENTIFIER = sebastian.CalendarDemoUITests;
				PRODUCT_NAME = "$(TARGET_NAME)";
				SWIFT_VERSION = 3.0;
				TEST_TARGET_NAME = CalendarDemo;
			};
			name = Release;
		};
/* End XCBuildConfiguration section */

/* Begin XCConfigurationList section */
		81F4B1051DAEA17A00329108 /* Build configuration list for PBXProject "CalendarDemo" */ = {
			isa = XCConfigurationList;
			buildConfigurations = (
				81F4B1301DAEA17A00329108 /* Debug */,
				81F4B1311DAEA17A00329108 /* Release */,
			);
			defaultConfigurationIsVisible = 0;
			defaultConfigurationName = Release;
		};
		81F4B1321DAEA17A00329108 /* Build configuration list for PBXNativeTarget "CalendarDemo" */ = {
			isa = XCConfigurationList;
			buildConfigurations = (
				81F4B1331DAEA17A00329108 /* Debug */,
				81F4B1341DAEA17A00329108 /* Release */,
			);
			defaultConfigurationIsVisible = 0;
			defaultConfigurationName = Release;
		};
		81F4B1351DAEA17A00329108 /* Build configuration list for PBXNativeTarget "CalendarDemoTests" */ = {
			isa = XCConfigurationList;
			buildConfigurations = (
				81F4B1361DAEA17A00329108 /* Debug */,
				81F4B1371DAEA17A00329108 /* Release */,
			);
			defaultConfigurationIsVisible = 0;
			defaultConfigurationName = Release;
		};
		81F4B1381DAEA17A00329108 /* Build configuration list for PBXNativeTarget "CalendarDemoUITests" */ = {
			isa = XCConfigurationList;
			buildConfigurations = (
				81F4B1391DAEA17A00329108 /* Debug */,
				81F4B13A1DAEA17A00329108 /* Release */,
			);
			defaultConfigurationIsVisible = 0;
			defaultConfigurationName = Release;
		};
/* End XCConfigurationList section */
	};
	rootObject = 81F4B1021DAEA17A00329108 /* Project object */;
}
