// !$*UTF8*$!
{
	archiveVersion = 1;
	classes = {
	};
	objectVersion = 46;
	objects = {

/* Begin PBXBuildFile section */
		CE4121581DD0C98C008FED2C /* ScheduleTableViewCell.swift in Sources */ = {isa = PBXBuildFile; fileRef = CE4121561DD0C98C008FED2C /* ScheduleTableViewCell.swift */; };
		CE4121591DD0C98C008FED2C /* ScheduleTableViewCell.xib in Resources */ = {isa = PBXBuildFile; fileRef = CE4121571DD0C98C008FED2C /* ScheduleTableViewCell.xib */; };
		CEAC97041DB5FD350042FF3D /* AppDelegate.swift in Sources */ = {isa = PBXBuildFile; fileRef = CEAC97031DB5FD350042FF3D /* AppDelegate.swift */; };
		CEAC970B1DB5FD350042FF3D /* Main.storyboard in Resources */ = {isa = PBXBuildFile; fileRef = CEAC97091DB5FD350042FF3D /* Main.storyboard */; };
		CEAC970D1DB5FD350042FF3D /* Assets.xcassets in Resources */ = {isa = PBXBuildFile; fileRef = CEAC970C1DB5FD350042FF3D /* Assets.xcassets */; };
		CEAC97101DB5FD350042FF3D /* LaunchScreen.storyboard in Resources */ = {isa = PBXBuildFile; fileRef = CEAC970E1DB5FD350042FF3D /* LaunchScreen.storyboard */; };
		CEAC971B1DB5FD350042FF3D /* StundenplanNavigationTests.swift in Sources */ = {isa = PBXBuildFile; fileRef = CEAC971A1DB5FD350042FF3D /* StundenplanNavigationTests.swift */; };
		CEAC97261DB5FD350042FF3D /* StundenplanNavigationUITests.swift in Sources */ = {isa = PBXBuildFile; fileRef = CEAC97251DB5FD350042FF3D /* StundenplanNavigationUITests.swift */; };
		CEAC97351DB619D40042FF3D /* ScheduleTableViewController.swift in Sources */ = {isa = PBXBuildFile; fileRef = CEAC97341DB619D40042FF3D /* ScheduleTableViewController.swift */; };
		CEAC97371DB61A1C0042FF3D /* ScheduleChangesTableViewController.swift in Sources */ = {isa = PBXBuildFile; fileRef = CEAC97361DB61A1C0042FF3D /* ScheduleChangesTableViewController.swift */; };
		CEAC97391DB61A330042FF3D /* SettingsTableViewController.swift in Sources */ = {isa = PBXBuildFile; fileRef = CEAC97381DB61A330042FF3D /* SettingsTableViewController.swift */; };
		CEAC973B1DB61A5D0042FF3D /* CourseTableViewController.swift in Sources */ = {isa = PBXBuildFile; fileRef = CEAC973A1DB61A5D0042FF3D /* CourseTableViewController.swift */; };
		CEAC973D1DB61A7A0042FF3D /* SemesterTableViewController.swift in Sources */ = {isa = PBXBuildFile; fileRef = CEAC973C1DB61A7A0042FF3D /* SemesterTableViewController.swift */; };
		CEAC973F1DB61AB20042FF3D /* LecturesTableViewController.swift in Sources */ = {isa = PBXBuildFile; fileRef = CEAC973E1DB61AB20042FF3D /* LecturesTableViewController.swift */; };
/* End PBXBuildFile section */

/* Begin PBXContainerItemProxy section */
		CEAC97171DB5FD350042FF3D /* PBXContainerItemProxy */ = {
			isa = PBXContainerItemProxy;
			containerPortal = CEAC96F81DB5FD350042FF3D /* Project object */;
			proxyType = 1;
			remoteGlobalIDString = CEAC96FF1DB5FD350042FF3D;
			remoteInfo = StundenplanNavigation;
		};
		CEAC97221DB5FD350042FF3D /* PBXContainerItemProxy */ = {
			isa = PBXContainerItemProxy;
			containerPortal = CEAC96F81DB5FD350042FF3D /* Project object */;
			proxyType = 1;
			remoteGlobalIDString = CEAC96FF1DB5FD350042FF3D;
			remoteInfo = StundenplanNavigation;
		};
/* End PBXContainerItemProxy section */

/* Begin PBXFileReference section */
		CE4121561DD0C98C008FED2C /* ScheduleTableViewCell.swift */ = {isa = PBXFileReference; fileEncoding = 4; lastKnownFileType = sourcecode.swift; path = ScheduleTableViewCell.swift; sourceTree = "<group>"; };
		CE4121571DD0C98C008FED2C /* ScheduleTableViewCell.xib */ = {isa = PBXFileReference; fileEncoding = 4; lastKnownFileType = file.xib; path = ScheduleTableViewCell.xib; sourceTree = "<group>"; };
		CEAC97001DB5FD350042FF3D /* StundenplanNavigation.app */ = {isa = PBXFileReference; explicitFileType = wrapper.application; includeInIndex = 0; path = StundenplanNavigation.app; sourceTree = BUILT_PRODUCTS_DIR; };
		CEAC97031DB5FD350042FF3D /* AppDelegate.swift */ = {isa = PBXFileReference; lastKnownFileType = sourcecode.swift; path = AppDelegate.swift; sourceTree = "<group>"; };
		CEAC970A1DB5FD350042FF3D /* Base */ = {isa = PBXFileReference; lastKnownFileType = file.storyboard; name = Base; path = Base.lproj/Main.storyboard; sourceTree = "<group>"; };
		CEAC970C1DB5FD350042FF3D /* Assets.xcassets */ = {isa = PBXFileReference; lastKnownFileType = folder.assetcatalog; path = Assets.xcassets; sourceTree = "<group>"; };
		CEAC970F1DB5FD350042FF3D /* Base */ = {isa = PBXFileReference; lastKnownFileType = file.storyboard; name = Base; path = Base.lproj/LaunchScreen.storyboard; sourceTree = "<group>"; };
		CEAC97111DB5FD350042FF3D /* Info.plist */ = {isa = PBXFileReference; lastKnownFileType = text.plist.xml; path = Info.plist; sourceTree = "<group>"; };
		CEAC97161DB5FD350042FF3D /* StundenplanNavigationTests.xctest */ = {isa = PBXFileReference; explicitFileType = wrapper.cfbundle; includeInIndex = 0; path = StundenplanNavigationTests.xctest; sourceTree = BUILT_PRODUCTS_DIR; };
		CEAC971A1DB5FD350042FF3D /* StundenplanNavigationTests.swift */ = {isa = PBXFileReference; lastKnownFileType = sourcecode.swift; path = StundenplanNavigationTests.swift; sourceTree = "<group>"; };
		CEAC971C1DB5FD350042FF3D /* Info.plist */ = {isa = PBXFileReference; lastKnownFileType = text.plist.xml; path = Info.plist; sourceTree = "<group>"; };
		CEAC97211DB5FD350042FF3D /* StundenplanNavigationUITests.xctest */ = {isa = PBXFileReference; explicitFileType = wrapper.cfbundle; includeInIndex = 0; path = StundenplanNavigationUITests.xctest; sourceTree = BUILT_PRODUCTS_DIR; };
		CEAC97251DB5FD350042FF3D /* StundenplanNavigationUITests.swift */ = {isa = PBXFileReference; lastKnownFileType = sourcecode.swift; path = StundenplanNavigationUITests.swift; sourceTree = "<group>"; };
		CEAC97271DB5FD350042FF3D /* Info.plist */ = {isa = PBXFileReference; lastKnownFileType = text.plist.xml; path = Info.plist; sourceTree = "<group>"; };
		CEAC97341DB619D40042FF3D /* ScheduleTableViewController.swift */ = {isa = PBXFileReference; fileEncoding = 4; lastKnownFileType = sourcecode.swift; path = ScheduleTableViewController.swift; sourceTree = "<group>"; };
		CEAC97361DB61A1C0042FF3D /* ScheduleChangesTableViewController.swift */ = {isa = PBXFileReference; fileEncoding = 4; lastKnownFileType = sourcecode.swift; path = ScheduleChangesTableViewController.swift; sourceTree = "<group>"; };
		CEAC97381DB61A330042FF3D /* SettingsTableViewController.swift */ = {isa = PBXFileReference; fileEncoding = 4; lastKnownFileType = sourcecode.swift; path = SettingsTableViewController.swift; sourceTree = "<group>"; };
		CEAC973A1DB61A5D0042FF3D /* CourseTableViewController.swift */ = {isa = PBXFileReference; fileEncoding = 4; lastKnownFileType = sourcecode.swift; path = CourseTableViewController.swift; sourceTree = "<group>"; };
		CEAC973C1DB61A7A0042FF3D /* SemesterTableViewController.swift */ = {isa = PBXFileReference; fileEncoding = 4; lastKnownFileType = sourcecode.swift; path = SemesterTableViewController.swift; sourceTree = "<group>"; };
		CEAC973E1DB61AB20042FF3D /* LecturesTableViewController.swift */ = {isa = PBXFileReference; fileEncoding = 4; lastKnownFileType = sourcecode.swift; path = LecturesTableViewController.swift; sourceTree = "<group>"; };
/* End PBXFileReference section */

/* Begin PBXFrameworksBuildPhase section */
		CEAC96FD1DB5FD350042FF3D /* Frameworks */ = {
			isa = PBXFrameworksBuildPhase;
			buildActionMask = 2147483647;
			files = (
			);
			runOnlyForDeploymentPostprocessing = 0;
		};
		CEAC97131DB5FD350042FF3D /* Frameworks */ = {
			isa = PBXFrameworksBuildPhase;
			buildActionMask = 2147483647;
			files = (
			);
			runOnlyForDeploymentPostprocessing = 0;
		};
		CEAC971E1DB5FD350042FF3D /* Frameworks */ = {
			isa = PBXFrameworksBuildPhase;
			buildActionMask = 2147483647;
			files = (
			);
			runOnlyForDeploymentPostprocessing = 0;
		};
/* End PBXFrameworksBuildPhase section */

/* Begin PBXGroup section */
		CE41215A1DD0C99D008FED2C /* TableViewCells */ = {
			isa = PBXGroup;
			children = (
				CE4121561DD0C98C008FED2C /* ScheduleTableViewCell.swift */,
				CE4121571DD0C98C008FED2C /* ScheduleTableViewCell.xib */,
			);
			name = TableViewCells;
			sourceTree = "<group>";
		};
		CEAC96F71DB5FD350042FF3D = {
			isa = PBXGroup;
			children = (
				CEAC97021DB5FD350042FF3D /* StundenplanNavigation */,
				CEAC97191DB5FD350042FF3D /* StundenplanNavigationTests */,
				CEAC97241DB5FD350042FF3D /* StundenplanNavigationUITests */,
				CEAC97011DB5FD350042FF3D /* Products */,
			);
			sourceTree = "<group>";
		};
		CEAC97011DB5FD350042FF3D /* Products */ = {
			isa = PBXGroup;
			children = (
				CEAC97001DB5FD350042FF3D /* StundenplanNavigation.app */,
				CEAC97161DB5FD350042FF3D /* StundenplanNavigationTests.xctest */,
				CEAC97211DB5FD350042FF3D /* StundenplanNavigationUITests.xctest */,
			);
			name = Products;
			sourceTree = "<group>";
		};
		CEAC97021DB5FD350042FF3D /* StundenplanNavigation */ = {
			isa = PBXGroup;
			children = (
				CE41215A1DD0C99D008FED2C /* TableViewCells */,
				CEAC97331DB619B80042FF3D /* ViewController */,
				CEAC97031DB5FD350042FF3D /* AppDelegate.swift */,
				CEAC97091DB5FD350042FF3D /* Main.storyboard */,
				CEAC970C1DB5FD350042FF3D /* Assets.xcassets */,
				CEAC970E1DB5FD350042FF3D /* LaunchScreen.storyboard */,
				CEAC97111DB5FD350042FF3D /* Info.plist */,
			);
			path = StundenplanNavigation;
			sourceTree = "<group>";
		};
		CEAC97191DB5FD350042FF3D /* StundenplanNavigationTests */ = {
			isa = PBXGroup;
			children = (
				CEAC971A1DB5FD350042FF3D /* StundenplanNavigationTests.swift */,
				CEAC971C1DB5FD350042FF3D /* Info.plist */,
			);
			path = StundenplanNavigationTests;
			sourceTree = "<group>";
		};
		CEAC97241DB5FD350042FF3D /* StundenplanNavigationUITests */ = {
			isa = PBXGroup;
			children = (
				CEAC97251DB5FD350042FF3D /* StundenplanNavigationUITests.swift */,
				CEAC97271DB5FD350042FF3D /* Info.plist */,
			);
			path = StundenplanNavigationUITests;
			sourceTree = "<group>";
		};
		CEAC97331DB619B80042FF3D /* ViewController */ = {
			isa = PBXGroup;
			children = (
				CEAC97341DB619D40042FF3D /* ScheduleTableViewController.swift */,
				CEAC97361DB61A1C0042FF3D /* ScheduleChangesTableViewController.swift */,
				CEAC97381DB61A330042FF3D /* SettingsTableViewController.swift */,
				CEAC973A1DB61A5D0042FF3D /* CourseTableViewController.swift */,
				CEAC973C1DB61A7A0042FF3D /* SemesterTableViewController.swift */,
				CEAC973E1DB61AB20042FF3D /* LecturesTableViewController.swift */,
			);
			name = ViewController;
			sourceTree = "<group>";
		};
/* End PBXGroup section */

/* Begin PBXNativeTarget section */
		CEAC96FF1DB5FD350042FF3D /* StundenplanNavigation */ = {
			isa = PBXNativeTarget;
			buildConfigurationList = CEAC972A1DB5FD350042FF3D /* Build configuration list for PBXNativeTarget "StundenplanNavigation" */;
			buildPhases = (
				CEAC96FC1DB5FD350042FF3D /* Sources */,
				CEAC96FD1DB5FD350042FF3D /* Frameworks */,
				CEAC96FE1DB5FD350042FF3D /* Resources */,
			);
			buildRules = (
			);
			dependencies = (
			);
			name = StundenplanNavigation;
			productName = StundenplanNavigation;
			productReference = CEAC97001DB5FD350042FF3D /* StundenplanNavigation.app */;
			productType = "com.apple.product-type.application";
		};
		CEAC97151DB5FD350042FF3D /* StundenplanNavigationTests */ = {
			isa = PBXNativeTarget;
			buildConfigurationList = CEAC972D1DB5FD350042FF3D /* Build configuration list for PBXNativeTarget "StundenplanNavigationTests" */;
			buildPhases = (
				CEAC97121DB5FD350042FF3D /* Sources */,
				CEAC97131DB5FD350042FF3D /* Frameworks */,
				CEAC97141DB5FD350042FF3D /* Resources */,
			);
			buildRules = (
			);
			dependencies = (
				CEAC97181DB5FD350042FF3D /* PBXTargetDependency */,
			);
			name = StundenplanNavigationTests;
			productName = StundenplanNavigationTests;
			productReference = CEAC97161DB5FD350042FF3D /* StundenplanNavigationTests.xctest */;
			productType = "com.apple.product-type.bundle.unit-test";
		};
		CEAC97201DB5FD350042FF3D /* StundenplanNavigationUITests */ = {
			isa = PBXNativeTarget;
			buildConfigurationList = CEAC97301DB5FD350042FF3D /* Build configuration list for PBXNativeTarget "StundenplanNavigationUITests" */;
			buildPhases = (
				CEAC971D1DB5FD350042FF3D /* Sources */,
				CEAC971E1DB5FD350042FF3D /* Frameworks */,
				CEAC971F1DB5FD350042FF3D /* Resources */,
			);
			buildRules = (
			);
			dependencies = (
				CEAC97231DB5FD350042FF3D /* PBXTargetDependency */,
			);
			name = StundenplanNavigationUITests;
			productName = StundenplanNavigationUITests;
			productReference = CEAC97211DB5FD350042FF3D /* StundenplanNavigationUITests.xctest */;
			productType = "com.apple.product-type.bundle.ui-testing";
		};
/* End PBXNativeTarget section */

/* Begin PBXProject section */
		CEAC96F81DB5FD350042FF3D /* Project object */ = {
			isa = PBXProject;
			attributes = {
				LastSwiftUpdateCheck = 0800;
				LastUpgradeCheck = 0800;
				ORGANIZATIONNAME = "Jonas Beetz";
				TargetAttributes = {
					CEAC96FF1DB5FD350042FF3D = {
						CreatedOnToolsVersion = 8.0;
						DevelopmentTeam = RGM92AGMEP;
						ProvisioningStyle = Automatic;
					};
					CEAC97151DB5FD350042FF3D = {
						CreatedOnToolsVersion = 8.0;
						ProvisioningStyle = Automatic;
						TestTargetID = CEAC96FF1DB5FD350042FF3D;
					};
					CEAC97201DB5FD350042FF3D = {
						CreatedOnToolsVersion = 8.0;
						ProvisioningStyle = Automatic;
						TestTargetID = CEAC96FF1DB5FD350042FF3D;
					};
				};
			};
			buildConfigurationList = CEAC96FB1DB5FD350042FF3D /* Build configuration list for PBXProject "StundenplanNavigation" */;
			compatibilityVersion = "Xcode 3.2";
			developmentRegion = English;
			hasScannedForEncodings = 0;
			knownRegions = (
				en,
				Base,
			);
			mainGroup = CEAC96F71DB5FD350042FF3D;
			productRefGroup = CEAC97011DB5FD350042FF3D /* Products */;
			projectDirPath = "";
			projectRoot = "";
			targets = (
				CEAC96FF1DB5FD350042FF3D /* StundenplanNavigation */,
				CEAC97151DB5FD350042FF3D /* StundenplanNavigationTests */,
				CEAC97201DB5FD350042FF3D /* StundenplanNavigationUITests */,
			);
		};
/* End PBXProject section */

/* Begin PBXResourcesBuildPhase section */
		CEAC96FE1DB5FD350042FF3D /* Resources */ = {
			isa = PBXResourcesBuildPhase;
			buildActionMask = 2147483647;
			files = (
				CEAC97101DB5FD350042FF3D /* LaunchScreen.storyboard in Resources */,
				CEAC970D1DB5FD350042FF3D /* Assets.xcassets in Resources */,
				CE4121591DD0C98C008FED2C /* ScheduleTableViewCell.xib in Resources */,
				CEAC970B1DB5FD350042FF3D /* Main.storyboard in Resources */,
			);
			runOnlyForDeploymentPostprocessing = 0;
		};
		CEAC97141DB5FD350042FF3D /* Resources */ = {
			isa = PBXResourcesBuildPhase;
			buildActionMask = 2147483647;
			files = (
			);
			runOnlyForDeploymentPostprocessing = 0;
		};
		CEAC971F1DB5FD350042FF3D /* Resources */ = {
			isa = PBXResourcesBuildPhase;
			buildActionMask = 2147483647;
			files = (
			);
			runOnlyForDeploymentPostprocessing = 0;
		};
/* End PBXResourcesBuildPhase section */

/* Begin PBXSourcesBuildPhase section */
		CEAC96FC1DB5FD350042FF3D /* Sources */ = {
			isa = PBXSourcesBuildPhase;
			buildActionMask = 2147483647;
			files = (
				CEAC97351DB619D40042FF3D /* ScheduleTableViewController.swift in Sources */,
				CEAC973F1DB61AB20042FF3D /* LecturesTableViewController.swift in Sources */,
				CEAC973D1DB61A7A0042FF3D /* SemesterTableViewController.swift in Sources */,
				CEAC97371DB61A1C0042FF3D /* ScheduleChangesTableViewController.swift in Sources */,
				CEAC97391DB61A330042FF3D /* SettingsTableViewController.swift in Sources */,
				CEAC973B1DB61A5D0042FF3D /* CourseTableViewController.swift in Sources */,
				CE4121581DD0C98C008FED2C /* ScheduleTableViewCell.swift in Sources */,
				CEAC97041DB5FD350042FF3D /* AppDelegate.swift in Sources */,
			);
			runOnlyForDeploymentPostprocessing = 0;
		};
		CEAC97121DB5FD350042FF3D /* Sources */ = {
			isa = PBXSourcesBuildPhase;
			buildActionMask = 2147483647;
			files = (
				CEAC971B1DB5FD350042FF3D /* StundenplanNavigationTests.swift in Sources */,
			);
			runOnlyForDeploymentPostprocessing = 0;
		};
		CEAC971D1DB5FD350042FF3D /* Sources */ = {
			isa = PBXSourcesBuildPhase;
			buildActionMask = 2147483647;
			files = (
				CEAC97261DB5FD350042FF3D /* StundenplanNavigationUITests.swift in Sources */,
			);
			runOnlyForDeploymentPostprocessing = 0;
		};
/* End PBXSourcesBuildPhase section */

/* Begin PBXTargetDependency section */
		CEAC97181DB5FD350042FF3D /* PBXTargetDependency */ = {
			isa = PBXTargetDependency;
			target = CEAC96FF1DB5FD350042FF3D /* StundenplanNavigation */;
			targetProxy = CEAC97171DB5FD350042FF3D /* PBXContainerItemProxy */;
		};
		CEAC97231DB5FD350042FF3D /* PBXTargetDependency */ = {
			isa = PBXTargetDependency;
			target = CEAC96FF1DB5FD350042FF3D /* StundenplanNavigation */;
			targetProxy = CEAC97221DB5FD350042FF3D /* PBXContainerItemProxy */;
		};
/* End PBXTargetDependency section */

/* Begin PBXVariantGroup section */
		CEAC97091DB5FD350042FF3D /* Main.storyboard */ = {
			isa = PBXVariantGroup;
			children = (
				CEAC970A1DB5FD350042FF3D /* Base */,
			);
			name = Main.storyboard;
			sourceTree = "<group>";
		};
		CEAC970E1DB5FD350042FF3D /* LaunchScreen.storyboard */ = {
			isa = PBXVariantGroup;
			children = (
				CEAC970F1DB5FD350042FF3D /* Base */,
			);
			name = LaunchScreen.storyboard;
			sourceTree = "<group>";
		};
/* End PBXVariantGroup section */

/* Begin XCBuildConfiguration section */
		CEAC97281DB5FD350042FF3D /* Debug */ = {
			isa = XCBuildConfiguration;
			buildSettings = {
				ALWAYS_SEARCH_USER_PATHS = NO;
				CLANG_ANALYZER_NONNULL = YES;
				CLANG_CXX_LANGUAGE_STANDARD = "gnu++0x";
				CLANG_CXX_LIBRARY = "libc++";
				CLANG_ENABLE_MODULES = YES;
				CLANG_ENABLE_OBJC_ARC = YES;
				CLANG_WARN_BOOL_CONVERSION = YES;
				CLANG_WARN_CONSTANT_CONVERSION = YES;
				CLANG_WARN_DIRECT_OBJC_ISA_USAGE = YES_ERROR;
				CLANG_WARN_DOCUMENTATION_COMMENTS = YES;
				CLANG_WARN_EMPTY_BODY = YES;
				CLANG_WARN_ENUM_CONVERSION = YES;
				CLANG_WARN_INFINITE_RECURSION = YES;
				CLANG_WARN_INT_CONVERSION = YES;
				CLANG_WARN_OBJC_ROOT_CLASS = YES_ERROR;
				CLANG_WARN_SUSPICIOUS_MOVES = YES;
				CLANG_WARN_UNREACHABLE_CODE = YES;
				CLANG_WARN__DUPLICATE_METHOD_MATCH = YES;
				"CODE_SIGN_IDENTITY[sdk=iphoneos*]" = "iPhone Developer";
				COPY_PHASE_STRIP = NO;
				DEBUG_INFORMATION_FORMAT = dwarf;
				ENABLE_STRICT_OBJC_MSGSEND = YES;
				ENABLE_TESTABILITY = YES;
				GCC_C_LANGUAGE_STANDARD = gnu99;
				GCC_DYNAMIC_NO_PIC = NO;
				GCC_NO_COMMON_BLOCKS = YES;
				GCC_OPTIMIZATION_LEVEL = 0;
				GCC_PREPROCESSOR_DEFINITIONS = (
					"DEBUG=1",
					"$(inherited)",
				);
				GCC_WARN_64_TO_32_BIT_CONVERSION = YES;
				GCC_WARN_ABOUT_RETURN_TYPE = YES_ERROR;
				GCC_WARN_UNDECLARED_SELECTOR = YES;
				GCC_WARN_UNINITIALIZED_AUTOS = YES_AGGRESSIVE;
				GCC_WARN_UNUSED_FUNCTION = YES;
				GCC_WARN_UNUSED_VARIABLE = YES;
				IPHONEOS_DEPLOYMENT_TARGET = 10.0;
				MTL_ENABLE_DEBUG_INFO = YES;
				ONLY_ACTIVE_ARCH = YES;
				SDKROOT = iphoneos;
				SWIFT_ACTIVE_COMPILATION_CONDITIONS = DEBUG;
				SWIFT_OPTIMIZATION_LEVEL = "-Onone";
				TARGETED_DEVICE_FAMILY = "1,2";
			};
			name = Debug;
		};
		CEAC97291DB5FD350042FF3D /* Release */ = {
			isa = XCBuildConfiguration;
			buildSettings = {
				ALWAYS_SEARCH_USER_PATHS = NO;
				CLANG_ANALYZER_NONNULL = YES;
				CLANG_CXX_LANGUAGE_STANDARD = "gnu++0x";
				CLANG_CXX_LIBRARY = "libc++";
				CLANG_ENABLE_MODULES = YES;
				CLANG_ENABLE_OBJC_ARC = YES;
				CLANG_WARN_BOOL_CONVERSION = YES;
				CLANG_WARN_CONSTANT_CONVERSION = YES;
				CLANG_WARN_DIRECT_OBJC_ISA_USAGE = YES_ERROR;
				CLANG_WARN_DOCUMENTATION_COMMENTS = YES;
				CLANG_WARN_EMPTY_BODY = YES;
				CLANG_WARN_ENUM_CONVERSION = YES;
				CLANG_WARN_INFINITE_RECURSION = YES;
				CLANG_WARN_INT_CONVERSION = YES;
				CLANG_WARN_OBJC_ROOT_CLASS = YES_ERROR;
				CLANG_WARN_SUSPICIOUS_MOVES = YES;
				CLANG_WARN_UNREACHABLE_CODE = YES;
				CLANG_WARN__DUPLICATE_METHOD_MATCH = YES;
				"CODE_SIGN_IDENTITY[sdk=iphoneos*]" = "iPhone Developer";
				COPY_PHASE_STRIP = NO;
				DEBUG_INFORMATION_FORMAT = "dwarf-with-dsym";
				ENABLE_NS_ASSERTIONS = NO;
				ENABLE_STRICT_OBJC_MSGSEND = YES;
				GCC_C_LANGUAGE_STANDARD = gnu99;
				GCC_NO_COMMON_BLOCKS = YES;
				GCC_WARN_64_TO_32_BIT_CONVERSION = YES;
				GCC_WARN_ABOUT_RETURN_TYPE = YES_ERROR;
				GCC_WARN_UNDECLARED_SELECTOR = YES;
				GCC_WARN_UNINITIALIZED_AUTOS = YES_AGGRESSIVE;
				GCC_WARN_UNUSED_FUNCTION = YES;
				GCC_WARN_UNUSED_VARIABLE = YES;
				IPHONEOS_DEPLOYMENT_TARGET = 10.0;
				MTL_ENABLE_DEBUG_INFO = NO;
				SDKROOT = iphoneos;
				SWIFT_OPTIMIZATION_LEVEL = "-Owholemodule";
				TARGETED_DEVICE_FAMILY = "1,2";
				VALIDATE_PRODUCT = YES;
			};
			name = Release;
		};
		CEAC972B1DB5FD350042FF3D /* Debug */ = {
			isa = XCBuildConfiguration;
			buildSettings = {
				ASSETCATALOG_COMPILER_APPICON_NAME = AppIcon;
				DEVELOPMENT_TEAM = RGM92AGMEP;
				INFOPLIST_FILE = StundenplanNavigation/Info.plist;
				LD_RUNPATH_SEARCH_PATHS = "$(inherited) @executable_path/Frameworks";
				PRODUCT_BUNDLE_IDENTIFIER = JonasBeetz.StundenplanNavigation;
				PRODUCT_NAME = "$(TARGET_NAME)";
				SWIFT_VERSION = 3.0;
			};
			name = Debug;
		};
		CEAC972C1DB5FD350042FF3D /* Release */ = {
			isa = XCBuildConfiguration;
			buildSettings = {
				ASSETCATALOG_COMPILER_APPICON_NAME = AppIcon;
				DEVELOPMENT_TEAM = RGM92AGMEP;
				INFOPLIST_FILE = StundenplanNavigation/Info.plist;
				LD_RUNPATH_SEARCH_PATHS = "$(inherited) @executable_path/Frameworks";
				PRODUCT_BUNDLE_IDENTIFIER = JonasBeetz.StundenplanNavigation;
				PRODUCT_NAME = "$(TARGET_NAME)";
				SWIFT_VERSION = 3.0;
			};
			name = Release;
		};
		CEAC972E1DB5FD350042FF3D /* Debug */ = {
			isa = XCBuildConfiguration;
			buildSettings = {
				ALWAYS_EMBED_SWIFT_STANDARD_LIBRARIES = YES;
				BUNDLE_LOADER = "$(TEST_HOST)";
				INFOPLIST_FILE = StundenplanNavigationTests/Info.plist;
				LD_RUNPATH_SEARCH_PATHS = "$(inherited) @executable_path/Frameworks @loader_path/Frameworks";
				PRODUCT_BUNDLE_IDENTIFIER = JonasBeetz.StundenplanNavigationTests;
				PRODUCT_NAME = "$(TARGET_NAME)";
				SWIFT_VERSION = 3.0;
				TEST_HOST = "$(BUILT_PRODUCTS_DIR)/StundenplanNavigation.app/StundenplanNavigation";
			};
			name = Debug;
		};
		CEAC972F1DB5FD350042FF3D /* Release */ = {
			isa = XCBuildConfiguration;
			buildSettings = {
				ALWAYS_EMBED_SWIFT_STANDARD_LIBRARIES = YES;
				BUNDLE_LOADER = "$(TEST_HOST)";
				INFOPLIST_FILE = StundenplanNavigationTests/Info.plist;
				LD_RUNPATH_SEARCH_PATHS = "$(inherited) @executable_path/Frameworks @loader_path/Frameworks";
				PRODUCT_BUNDLE_IDENTIFIER = JonasBeetz.StundenplanNavigationTests;
				PRODUCT_NAME = "$(TARGET_NAME)";
				SWIFT_VERSION = 3.0;
				TEST_HOST = "$(BUILT_PRODUCTS_DIR)/StundenplanNavigation.app/StundenplanNavigation";
			};
			name = Release;
		};
		CEAC97311DB5FD350042FF3D /* Debug */ = {
			isa = XCBuildConfiguration;
			buildSettings = {
				ALWAYS_EMBED_SWIFT_STANDARD_LIBRARIES = YES;
				INFOPLIST_FILE = StundenplanNavigationUITests/Info.plist;
				LD_RUNPATH_SEARCH_PATHS = "$(inherited) @executable_path/Frameworks @loader_path/Frameworks";
				PRODUCT_BUNDLE_IDENTIFIER = JonasBeetz.StundenplanNavigationUITests;
				PRODUCT_NAME = "$(TARGET_NAME)";
				SWIFT_VERSION = 3.0;
				TEST_TARGET_NAME = StundenplanNavigation;
			};
			name = Debug;
		};
		CEAC97321DB5FD350042FF3D /* Release */ = {
			isa = XCBuildConfiguration;
			buildSettings = {
				ALWAYS_EMBED_SWIFT_STANDARD_LIBRARIES = YES;
				INFOPLIST_FILE = StundenplanNavigationUITests/Info.plist;
				LD_RUNPATH_SEARCH_PATHS = "$(inherited) @executable_path/Frameworks @loader_path/Frameworks";
				PRODUCT_BUNDLE_IDENTIFIER = JonasBeetz.StundenplanNavigationUITests;
				PRODUCT_NAME = "$(TARGET_NAME)";
				SWIFT_VERSION = 3.0;
				TEST_TARGET_NAME = StundenplanNavigation;
			};
			name = Release;
		};
/* End XCBuildConfiguration section */

/* Begin XCConfigurationList section */
		CEAC96FB1DB5FD350042FF3D /* Build configuration list for PBXProject "StundenplanNavigation" */ = {
			isa = XCConfigurationList;
			buildConfigurations = (
				CEAC97281DB5FD350042FF3D /* Debug */,
				CEAC97291DB5FD350042FF3D /* Release */,
			);
			defaultConfigurationIsVisible = 0;
			defaultConfigurationName = Release;
		};
		CEAC972A1DB5FD350042FF3D /* Build configuration list for PBXNativeTarget "StundenplanNavigation" */ = {
			isa = XCConfigurationList;
			buildConfigurations = (
				CEAC972B1DB5FD350042FF3D /* Debug */,
				CEAC972C1DB5FD350042FF3D /* Release */,
			);
			defaultConfigurationIsVisible = 0;
			defaultConfigurationName = Release;
		};
		CEAC972D1DB5FD350042FF3D /* Build configuration list for PBXNativeTarget "StundenplanNavigationTests" */ = {
			isa = XCConfigurationList;
			buildConfigurations = (
				CEAC972E1DB5FD350042FF3D /* Debug */,
				CEAC972F1DB5FD350042FF3D /* Release */,
			);
			defaultConfigurationIsVisible = 0;
			defaultConfigurationName = Release;
		};
		CEAC97301DB5FD350042FF3D /* Build configuration list for PBXNativeTarget "StundenplanNavigationUITests" */ = {
			isa = XCConfigurationList;
			buildConfigurations = (
				CEAC97311DB5FD350042FF3D /* Debug */,
				CEAC97321DB5FD350042FF3D /* Release */,
			);
			defaultConfigurationIsVisible = 0;
			defaultConfigurationName = Release;
		};
/* End XCConfigurationList section */
	};
	rootObject = CEAC96F81DB5FD350042FF3D /* Project object */;
}
